
Microsoft Visual Studio Solution File, Format Version 12.00
# Visual Studio Version 17
VisualStudioVersion = 17.3.32811.315
MinimumVisualStudioVersion = 10.0.40219.1
Project("{FAE04EC0-301F-11D3-BF4B-00C04F79EFBC}") = "WebApi", "WebApi\WebApi.csproj", "{2BAFEA57-86A3-478F-A9F0-94B53C68501D}"
EndProject
Project("{FAE04EC0-301F-11D3-BF4B-00C04F79EFBC}") = "Data", "Data\Data.csproj", "{DFB594FD-2871-483F-89BE-BCC55BE40226}"
EndProject
Global
	GlobalSection(SolutionConfigurationPlatforms) = preSolution
		Debug|Any CPU = Debug|Any CPU
		Release|Any CPU = Release|Any CPU
	EndGlobalSection
	GlobalSection(ProjectConfigurationPlatforms) = postSolution
		{2BAFEA57-86A3-478F-A9F0-94B53C68501D}.Debug|Any CPU.ActiveCfg = Debug|Any CPU
		{2BAFEA57-86A3-478F-A9F0-94B53C68501D}.Debug|Any CPU.Build.0 = Debug|Any CPU
		{2BAFEA57-86A3-478F-A9F0-94B53C68501D}.Release|Any CPU.ActiveCfg = Release|Any CPU
		{2BAFEA57-86A3-478F-A9F0-94B53C68501D}.Release|Any CPU.Build.0 = Release|Any CPU
		{DFB594FD-2871-483F-89BE-BCC55BE40226}.Debug|Any CPU.ActiveCfg = Debug|Any CPU
		{DFB594FD-2871-483F-89BE-BCC55BE40226}.Debug|Any CPU.Build.0 = Debug|Any CPU
		{DFB594FD-2871-483F-89BE-BCC55BE40226}.Release|Any CPU.ActiveCfg = Release|Any CPU
		{DFB594FD-2871-483F-89BE-BCC55BE40226}.Release|Any CPU.Build.0 = Release|Any CPU
	EndGlobalSection
	GlobalSection(SolutionProperties) = preSolution
		HideSolutionNode = FALSE
	EndGlobalSection
	GlobalSection(ExtensibilityGlobals) = postSolution
		SolutionGuid = {F7F5833B-1CC1-401A-9E68-22BC9F8DEDDD}
	EndGlobalSection
EndGlobal
